
Microsoft Visual Studio Solution File, Format Version 12.00
# Visual Studio Version 16
VisualStudioVersion = 16.0.31515.178
MinimumVisualStudioVersion = 10.0.40219.1
Project("{FAE04EC0-301F-11D3-BF4B-00C04F79EFBC}") = "GuidoCMS", "GuidoCMS\GuidoCMS.csproj", "{1398AA31-BCCE-430E-9CE8-50572CBD13A2}"
EndProject
Global
	GlobalSection(SolutionConfigurationPlatforms) = preSolution
		Debug|Any CPU = Debug|Any CPU
		Release|Any CPU = Release|Any CPU
	EndGlobalSection
	GlobalSection(ProjectConfigurationPlatforms) = postSolution
		{1398AA31-BCCE-430E-9CE8-50572CBD13A2}.Debug|Any CPU.ActiveCfg = Debug|Any CPU
		{1398AA31-BCCE-430E-9CE8-50572CBD13A2}.Debug|Any CPU.Build.0 = Debug|Any CPU
		{1398AA31-BCCE-430E-9CE8-50572CBD13A2}.Release|Any CPU.ActiveCfg = Release|Any CPU
		{1398AA31-BCCE-430E-9CE8-50572CBD13A2}.Release|Any CPU.Build.0 = Release|Any CPU
	EndGlobalSection
	GlobalSection(SolutionProperties) = preSolution
		HideSolutionNode = FALSE
	EndGlobalSection
	GlobalSection(ExtensibilityGlobals) = postSolution
		SolutionGuid = {6AE15363-E6F3-493C-B102-5F02E88D5349}
	EndGlobalSection
EndGlobal
